
Microsoft Visual Studio Solution File, Format Version 12.00
# Visual Studio Version 17
VisualStudioVersion = 17.0.31903.59
MinimumVisualStudioVersion = 10.0.40219.1
Project("{2150E333-8FDC-42A3-9474-1A3956D46DE8}") = "src", "src", "{827E0CD3-B72D-47B6-A68D-7590B98EB39B}"
EndProject
Project("{FAE04EC0-301F-11D3-BF4B-00C04F79EFBC}") = "FitTrack.API", "src\FitTrack.API\FitTrack.API.csproj", "{8C3B1AF2-3EF6-4F4B-9408-B577A4C0A10B}"
EndProject
Project("{FAE04EC0-301F-11D3-BF4B-00C04F79EFBC}") = "FitTrack.Application", "src\FitTrack.Application\FitTrack.Application.csproj", "{2FCAC92A-7EC6-42FF-8029-D518A8F82743}"
EndProject
Project("{FAE04EC0-301F-11D3-BF4B-00C04F79EFBC}") = "FitTrack.Domain", "src\FitTrack.Domain\FitTrack.Domain.csproj", "{533CCB7C-773F-45B1-AD65-12BD766B77CC}"
EndProject
Project("{FAE04EC0-301F-11D3-BF4B-00C04F79EFBC}") = "FitTrack.Infrastructure", "src\FitTrack.Infrastructure\FitTrack.Infrastructure.csproj", "{1C902C1D-E922-4BCC-B468-E80CB3FE79F5}"
EndProject
Project("{FAE04EC0-301F-11D3-BF4B-00C04F79EFBC}") = "FitTrack.Common", "src\FitTrack.Common\FitTrack.Common.csproj", "{BED9ECCD-11B5-4B78-B257-E0D5AC772F37}"
EndProject
Project("{2150E333-8FDC-42A3-9474-1A3956D46DE8}") = "tests", "tests", "{0AB3BF05-4346-4AA6-1389-037BE0695223}"
EndProject
Project("{FAE04EC0-301F-11D3-BF4B-00C04F79EFBC}") = "FitTrack.UnitTests", "tests\FitTrack.UnitTests\FitTrack.UnitTests.csproj", "{B2567593-FC07-48AD-8570-5416A8B16F2E}"
EndProject
Project("{FAE04EC0-301F-11D3-BF4B-00C04F79EFBC}") = "FitTrack.IntegrationTests", "tests\FitTrack.IntegrationTests\FitTrack.IntegrationTests.csproj", "{58A37A5B-A0B6-4A93-9168-A7D90FACDD56}"
EndProject
Global
	GlobalSection(SolutionConfigurationPlatforms) = preSolution
		Debug|Any CPU = Debug|Any CPU
		Debug|x64 = Debug|x64
		Debug|x86 = Debug|x86
		Release|Any CPU = Release|Any CPU
		Release|x64 = Release|x64
		Release|x86 = Release|x86
	EndGlobalSection
	GlobalSection(ProjectConfigurationPlatforms) = postSolution
		{8C3B1AF2-3EF6-4F4B-9408-B577A4C0A10B}.Debug|Any CPU.ActiveCfg = Debug|Any CPU
		{8C3B1AF2-3EF6-4F4B-9408-B577A4C0A10B}.Debug|Any CPU.Build.0 = Debug|Any CPU
		{8C3B1AF2-3EF6-4F4B-9408-B577A4C0A10B}.Debug|x64.ActiveCfg = Debug|Any CPU
		{8C3B1AF2-3EF6-4F4B-9408-B577A4C0A10B}.Debug|x64.Build.0 = Debug|Any CPU
		{8C3B1AF2-3EF6-4F4B-9408-B577A4C0A10B}.Debug|x86.ActiveCfg = Debug|Any CPU
		{8C3B1AF2-3EF6-4F4B-9408-B577A4C0A10B}.Debug|x86.Build.0 = Debug|Any CPU
		{8C3B1AF2-3EF6-4F4B-9408-B577A4C0A10B}.Release|Any CPU.ActiveCfg = Release|Any CPU
		{8C3B1AF2-3EF6-4F4B-9408-B577A4C0A10B}.Release|Any CPU.Build.0 = Release|Any CPU
		{8C3B1AF2-3EF6-4F4B-9408-B577A4C0A10B}.Release|x64.ActiveCfg = Release|Any CPU
		{8C3B1AF2-3EF6-4F4B-9408-B577A4C0A10B}.Release|x64.Build.0 = Release|Any CPU
		{8C3B1AF2-3EF6-4F4B-9408-B577A4C0A10B}.Release|x86.ActiveCfg = Release|Any CPU
		{8C3B1AF2-3EF6-4F4B-9408-B577A4C0A10B}.Release|x86.Build.0 = Release|Any CPU
		{2FCAC92A-7EC6-42FF-8029-D518A8F82743}.Debug|Any CPU.ActiveCfg = Debug|Any CPU
		{2FCAC92A-7EC6-42FF-8029-D518A8F82743}.Debug|Any CPU.Build.0 = Debug|Any CPU
		{2FCAC92A-7EC6-42FF-8029-D518A8F82743}.Debug|x64.ActiveCfg = Debug|Any CPU
		{2FCAC92A-7EC6-42FF-8029-D518A8F82743}.Debug|x64.Build.0 = Debug|Any CPU
		{2FCAC92A-7EC6-42FF-8029-D518A8F82743}.Debug|x86.ActiveCfg = Debug|Any CPU
		{2FCAC92A-7EC6-42FF-8029-D518A8F82743}.Debug|x86.Build.0 = Debug|Any CPU
		{2FCAC92A-7EC6-42FF-8029-D518A8F82743}.Release|Any CPU.ActiveCfg = Release|Any CPU
		{2FCAC92A-7EC6-42FF-8029-D518A8F82743}.Release|Any CPU.Build.0 = Release|Any CPU
		{2FCAC92A-7EC6-42FF-8029-D518A8F82743}.Release|x64.ActiveCfg = Release|Any CPU
		{2FCAC92A-7EC6-42FF-8029-D518A8F82743}.Release|x64.Build.0 = Release|Any CPU
		{2FCAC92A-7EC6-42FF-8029-D518A8F82743}.Release|x86.ActiveCfg = Release|Any CPU
		{2FCAC92A-7EC6-42FF-8029-D518A8F82743}.Release|x86.Build.0 = Release|Any CPU
		{533CCB7C-773F-45B1-AD65-12BD766B77CC}.Debug|Any CPU.ActiveCfg = Debug|Any CPU
		{533CCB7C-773F-45B1-AD65-12BD766B77CC}.Debug|Any CPU.Build.0 = Debug|Any CPU
		{533CCB7C-773F-45B1-AD65-12BD766B77CC}.Debug|x64.ActiveCfg = Debug|Any CPU
		{533CCB7C-773F-45B1-AD65-12BD766B77CC}.Debug|x64.Build.0 = Debug|Any CPU
		{533CCB7C-773F-45B1-AD65-12BD766B77CC}.Debug|x86.ActiveCfg = Debug|Any CPU
		{533CCB7C-773F-45B1-AD65-12BD766B77CC}.Debug|x86.Build.0 = Debug|Any CPU
		{533CCB7C-773F-45B1-AD65-12BD766B77CC}.Release|Any CPU.ActiveCfg = Release|Any CPU
		{533CCB7C-773F-45B1-AD65-12BD766B77CC}.Release|Any CPU.Build.0 = Release|Any CPU
		{533CCB7C-773F-45B1-AD65-12BD766B77CC}.Release|x64.ActiveCfg = Release|Any CPU
		{533CCB7C-773F-45B1-AD65-12BD766B77CC}.Release|x64.Build.0 = Release|Any CPU
		{533CCB7C-773F-45B1-AD65-12BD766B77CC}.Release|x86.ActiveCfg = Release|Any CPU
		{533CCB7C-773F-45B1-AD65-12BD766B77CC}.Release|x86.Build.0 = Release|Any CPU
		{1C902C1D-E922-4BCC-B468-E80CB3FE79F5}.Debug|Any CPU.ActiveCfg = Debug|Any CPU
		{1C902C1D-E922-4BCC-B468-E80CB3FE79F5}.Debug|Any CPU.Build.0 = Debug|Any CPU
		{1C902C1D-E922-4BCC-B468-E80CB3FE79F5}.Debug|x64.ActiveCfg = Debug|Any CPU
		{1C902C1D-E922-4BCC-B468-E80CB3FE79F5}.Debug|x64.Build.0 = Debug|Any CPU
		{1C902C1D-E922-4BCC-B468-E80CB3FE79F5}.Debug|x86.ActiveCfg = Debug|Any CPU
		{1C902C1D-E922-4BCC-B468-E80CB3FE79F5}.Debug|x86.Build.0 = Debug|Any CPU
		{1C902C1D-E922-4BCC-B468-E80CB3FE79F5}.Release|Any CPU.ActiveCfg = Release|Any CPU
		{1C902C1D-E922-4BCC-B468-E80CB3FE79F5}.Release|Any CPU.Build.0 = Release|Any CPU
		{1C902C1D-E922-4BCC-B468-E80CB3FE79F5}.Release|x64.ActiveCfg = Release|Any CPU
		{1C902C1D-E922-4BCC-B468-E80CB3FE79F5}.Release|x64.Build.0 = Release|Any CPU
		{1C902C1D-E922-4BCC-B468-E80CB3FE79F5}.Release|x86.ActiveCfg = Release|Any CPU
		{1C902C1D-E922-4BCC-B468-E80CB3FE79F5}.Release|x86.Build.0 = Release|Any CPU
		{BED9ECCD-11B5-4B78-B257-E0D5AC772F37}.Debug|Any CPU.ActiveCfg = Debug|Any CPU
		{BED9ECCD-11B5-4B78-B257-E0D5AC772F37}.Debug|Any CPU.Build.0 = Debug|Any CPU
		{BED9ECCD-11B5-4B78-B257-E0D5AC772F37}.Debug|x64.ActiveCfg = Debug|Any CPU
		{BED9ECCD-11B5-4B78-B257-E0D5AC772F37}.Debug|x64.Build.0 = Debug|Any CPU
		{BED9ECCD-11B5-4B78-B257-E0D5AC772F37}.Debug|x86.ActiveCfg = Debug|Any CPU
		{BED9ECCD-11B5-4B78-B257-E0D5AC772F37}.Debug|x86.Build.0 = Debug|Any CPU
		{BED9ECCD-11B5-4B78-B257-E0D5AC772F37}.Release|Any CPU.ActiveCfg = Release|Any CPU
		{BED9ECCD-11B5-4B78-B257-E0D5AC772F37}.Release|Any CPU.Build.0 = Release|Any CPU
		{BED9ECCD-11B5-4B78-B257-E0D5AC772F37}.Release|x64.ActiveCfg = Release|Any CPU
		{BED9ECCD-11B5-4B78-B257-E0D5AC772F37}.Release|x64.Build.0 = Release|Any CPU
		{BED9ECCD-11B5-4B78-B257-E0D5AC772F37}.Release|x86.ActiveCfg = Release|Any CPU
		{BED9ECCD-11B5-4B78-B257-E0D5AC772F37}.Release|x86.Build.0 = Release|Any CPU
		{B2567593-FC07-48AD-8570-5416A8B16F2E}.Debug|Any CPU.ActiveCfg = Debug|Any CPU
		{B2567593-FC07-48AD-8570-5416A8B16F2E}.Debug|Any CPU.Build.0 = Debug|Any CPU
		{B2567593-FC07-48AD-8570-5416A8B16F2E}.Debug|x64.ActiveCfg = Debug|Any CPU
		{B2567593-FC07-48AD-8570-5416A8B16F2E}.Debug|x64.Build.0 = Debug|Any CPU
		{B2567593-FC07-48AD-8570-5416A8B16F2E}.Debug|x86.ActiveCfg = Debug|Any CPU
		{B2567593-FC07-48AD-8570-5416A8B16F2E}.Debug|x86.Build.0 = Debug|Any CPU
		{B2567593-FC07-48AD-8570-5416A8B16F2E}.Release|Any CPU.ActiveCfg = Release|Any CPU
		{B2567593-FC07-48AD-8570-5416A8B16F2E}.Release|Any CPU.Build.0 = Release|Any CPU
		{B2567593-FC07-48AD-8570-5416A8B16F2E}.Release|x64.ActiveCfg = Release|Any CPU
		{B2567593-FC07-48AD-8570-5416A8B16F2E}.Release|x64.Build.0 = Release|Any CPU
		{B2567593-FC07-48AD-8570-5416A8B16F2E}.Release|x86.ActiveCfg = Release|Any CPU
		{B2567593-FC07-48AD-8570-5416A8B16F2E}.Release|x86.Build.0 = Release|Any CPU
		{58A37A5B-A0B6-4A93-9168-A7D90FACDD56}.Debug|Any CPU.ActiveCfg = Debug|Any CPU
		{58A37A5B-A0B6-4A93-9168-A7D90FACDD56}.Debug|Any CPU.Build.0 = Debug|Any CPU
		{58A37A5B-A0B6-4A93-9168-A7D90FACDD56}.Debug|x64.ActiveCfg = Debug|Any CPU
		{58A37A5B-A0B6-4A93-9168-A7D90FACDD56}.Debug|x64.Build.0 = Debug|Any CPU
		{58A37A5B-A0B6-4A93-9168-A7D90FACDD56}.Debug|x86.ActiveCfg = Debug|Any CPU
		{58A37A5B-A0B6-4A93-9168-A7D90FACDD56}.Debug|x86.Build.0 = Debug|Any CPU
		{58A37A5B-A0B6-4A93-9168-A7D90FACDD56}.Release|Any CPU.ActiveCfg = Release|Any CPU
		{58A37A5B-A0B6-4A93-9168-A7D90FACDD56}.Release|Any CPU.Build.0 = Release|Any CPU
		{58A37A5B-A0B6-4A93-9168-A7D90FACDD56}.Release|x64.ActiveCfg = Release|Any CPU
		{58A37A5B-A0B6-4A93-9168-A7D90FACDD56}.Release|x64.Build.0 = Release|Any CPU
		{58A37A5B-A0B6-4A93-9168-A7D90FACDD56}.Release|x86.ActiveCfg = Release|Any CPU
		{58A37A5B-A0B6-4A93-9168-A7D90FACDD56}.Release|x86.Build.0 = Release|Any CPU
	EndGlobalSection
	GlobalSection(SolutionProperties) = preSolution
		HideSolutionNode = FALSE
	EndGlobalSection
	GlobalSection(NestedProjects) = preSolution
		{8C3B1AF2-3EF6-4F4B-9408-B577A4C0A10B} = {827E0CD3-B72D-47B6-A68D-7590B98EB39B}
		{2FCAC92A-7EC6-42FF-8029-D518A8F82743} = {827E0CD3-B72D-47B6-A68D-7590B98EB39B}
		{533CCB7C-773F-45B1-AD65-12BD766B77CC} = {827E0CD3-B72D-47B6-A68D-7590B98EB39B}
		{1C902C1D-E922-4BCC-B468-E80CB3FE79F5} = {827E0CD3-B72D-47B6-A68D-7590B98EB39B}
		{BED9ECCD-11B5-4B78-B257-E0D5AC772F37} = {827E0CD3-B72D-47B6-A68D-7590B98EB39B}
		{B2567593-FC07-48AD-8570-5416A8B16F2E} = {0AB3BF05-4346-4AA6-1389-037BE0695223}
		{58A37A5B-A0B6-4A93-9168-A7D90FACDD56} = {0AB3BF05-4346-4AA6-1389-037BE0695223}
	EndGlobalSection
	GlobalSection(ExtensibilityGlobals) = postSolution
		SolutionGuid = {F351BEF2-86BD-4EF6-8E04-59683B086A80}
	EndGlobalSection
EndGlobal
