
Microsoft Visual Studio Solution File, Format Version 12.00
# Visual Studio Version 17
VisualStudioVersion = 17.0.31903.59
MinimumVisualStudioVersion = 10.0.40219.1
Project("{2150E333-8FDC-42A3-9474-1A3956D46DE8}") = "src", "src", "{7ABF93A4-ED05-4E8C-8701-BE4D9110230F}"
EndProject
Project("{FAE04EC0-301F-11D3-BF4B-00C04F79EFBC}") = "FitTrack.API", "src\FitTrack.API\FitTrack.API.csproj", "{861BE18D-D20E-4A18-A02C-C897B40D7406}"
EndProject
Project("{FAE04EC0-301F-11D3-BF4B-00C04F79EFBC}") = "FitTrack.Application", "src\FitTrack.Application\FitTrack.Application.csproj", "{AB3BCEC4-FAA3-4A1D-82B9-389BDC39E4EC}"
EndProject
Project("{FAE04EC0-301F-11D3-BF4B-00C04F79EFBC}") = "FitTrack.Common", "src\FitTrack.Common\FitTrack.Common.csproj", "{A55BFB4F-CAFF-4D78-886A-BC2171C82A63}"
EndProject
Project("{FAE04EC0-301F-11D3-BF4B-00C04F79EFBC}") = "FitTrack.Domain", "src\FitTrack.Domain\FitTrack.Domain.csproj", "{9F978C86-A8EF-42FE-9D36-AB342C9A1A77}"
EndProject
Project("{FAE04EC0-301F-11D3-BF4B-00C04F79EFBC}") = "FitTrack.Infrastructure", "src\FitTrack.Infrastructure\FitTrack.Infrastructure.csproj", "{E0B0543E-C5D7-4017-831C-C0552705B262}"
EndProject
Project("{2150E333-8FDC-42A3-9474-1A3956D46DE8}") = "test", "test", "{29CCE9FE-30FC-4F36-8623-1829EDAB9B05}"
EndProject
Project("{FAE04EC0-301F-11D3-BF4B-00C04F79EFBC}") = "FitTrack.Tests", "test\FitTrack.Tests\FitTrack.Tests.csproj", "{8611454E-56CC-422B-B60C-5EFA7E74F183}"
EndProject
Global
	GlobalSection(SolutionConfigurationPlatforms) = preSolution
		Debug|Any CPU = Debug|Any CPU
		Release|Any CPU = Release|Any CPU
	EndGlobalSection
	GlobalSection(SolutionProperties) = preSolution
		HideSolutionNode = FALSE
	EndGlobalSection
	GlobalSection(ProjectConfigurationPlatforms) = postSolution
		{861BE18D-D20E-4A18-A02C-C897B40D7406}.Debug|Any CPU.ActiveCfg = Debug|Any CPU
		{861BE18D-D20E-4A18-A02C-C897B40D7406}.Debug|Any CPU.Build.0 = Debug|Any CPU
		{861BE18D-D20E-4A18-A02C-C897B40D7406}.Release|Any CPU.ActiveCfg = Release|Any CPU
		{861BE18D-D20E-4A18-A02C-C897B40D7406}.Release|Any CPU.Build.0 = Release|Any CPU
		{AB3BCEC4-FAA3-4A1D-82B9-389BDC39E4EC}.Debug|Any CPU.ActiveCfg = Debug|Any CPU
		{AB3BCEC4-FAA3-4A1D-82B9-389BDC39E4EC}.Debug|Any CPU.Build.0 = Debug|Any CPU
		{AB3BCEC4-FAA3-4A1D-82B9-389BDC39E4EC}.Release|Any CPU.ActiveCfg = Release|Any CPU
		{AB3BCEC4-FAA3-4A1D-82B9-389BDC39E4EC}.Release|Any CPU.Build.0 = Release|Any CPU
		{A55BFB4F-CAFF-4D78-886A-BC2171C82A63}.Debug|Any CPU.ActiveCfg = Debug|Any CPU
		{A55BFB4F-CAFF-4D78-886A-BC2171C82A63}.Debug|Any CPU.Build.0 = Debug|Any CPU
		{A55BFB4F-CAFF-4D78-886A-BC2171C82A63}.Release|Any CPU.ActiveCfg = Release|Any CPU
		{A55BFB4F-CAFF-4D78-886A-BC2171C82A63}.Release|Any CPU.Build.0 = Release|Any CPU
		{9F978C86-A8EF-42FE-9D36-AB342C9A1A77}.Debug|Any CPU.ActiveCfg = Debug|Any CPU
		{9F978C86-A8EF-42FE-9D36-AB342C9A1A77}.Debug|Any CPU.Build.0 = Debug|Any CPU
		{9F978C86-A8EF-42FE-9D36-AB342C9A1A77}.Release|Any CPU.ActiveCfg = Release|Any CPU
		{9F978C86-A8EF-42FE-9D36-AB342C9A1A77}.Release|Any CPU.Build.0 = Release|Any CPU
		{E0B0543E-C5D7-4017-831C-C0552705B262}.Debug|Any CPU.ActiveCfg = Debug|Any CPU
		{E0B0543E-C5D7-4017-831C-C0552705B262}.Debug|Any CPU.Build.0 = Debug|Any CPU
		{E0B0543E-C5D7-4017-831C-C0552705B262}.Release|Any CPU.ActiveCfg = Release|Any CPU
		{E0B0543E-C5D7-4017-831C-C0552705B262}.Release|Any CPU.Build.0 = Release|Any CPU
		{8611454E-56CC-422B-B60C-5EFA7E74F183}.Debug|Any CPU.ActiveCfg = Debug|Any CPU
		{8611454E-56CC-422B-B60C-5EFA7E74F183}.Debug|Any CPU.Build.0 = Debug|Any CPU
		{8611454E-56CC-422B-B60C-5EFA7E74F183}.Release|Any CPU.ActiveCfg = Release|Any CPU
		{8611454E-56CC-422B-B60C-5EFA7E74F183}.Release|Any CPU.Build.0 = Release|Any CPU
	EndGlobalSection
	GlobalSection(NestedProjects) = preSolution
		{861BE18D-D20E-4A18-A02C-C897B40D7406} = {7ABF93A4-ED05-4E8C-8701-BE4D9110230F}
		{AB3BCEC4-FAA3-4A1D-82B9-389BDC39E4EC} = {7ABF93A4-ED05-4E8C-8701-BE4D9110230F}
		{A55BFB4F-CAFF-4D78-886A-BC2171C82A63} = {7ABF93A4-ED05-4E8C-8701-BE4D9110230F}
		{9F978C86-A8EF-42FE-9D36-AB342C9A1A77} = {7ABF93A4-ED05-4E8C-8701-BE4D9110230F}
		{E0B0543E-C5D7-4017-831C-C0552705B262} = {7ABF93A4-ED05-4E8C-8701-BE4D9110230F}
		{8611454E-56CC-422B-B60C-5EFA7E74F183} = {29CCE9FE-30FC-4F36-8623-1829EDAB9B05}
	EndGlobalSection
EndGlobal
